// !$*UTF8*$!
{
	archiveVersion = 1;
	classes = {
	};
	objectVersion = 46;
	objects = {

/* Begin PBXBuildFile section */
		52CC3E2C193FE88300F6E038 /* Foundation.framework in Frameworks */ = {isa = PBXBuildFile; fileRef = 52CC3E2B193FE88300F6E038 /* Foundation.framework */; };
		52CC3E2E193FE88300F6E038 /* CoreGraphics.framework in Frameworks */ = {isa = PBXBuildFile; fileRef = 52CC3E2D193FE88300F6E038 /* CoreGraphics.framework */; };
		52CC3E30193FE88300F6E038 /* UIKit.framework in Frameworks */ = {isa = PBXBuildFile; fileRef = 52CC3E2F193FE88300F6E038 /* UIKit.framework */; };
		52CC3E36193FE88300F6E038 /* InfoPlist.strings in Resources */ = {isa = PBXBuildFile; fileRef = 52CC3E34193FE88300F6E038 /* InfoPlist.strings */; };
		52CC3E38193FE88300F6E038 /* main.m in Sources */ = {isa = PBXBuildFile; fileRef = 52CC3E37193FE88300F6E038 /* main.m */; };
		52CC3E3C193FE88300F6E038 /* AppDelegate.m in Sources */ = {isa = PBXBuildFile; fileRef = 52CC3E3B193FE88300F6E038 /* AppDelegate.m */; };
		52CC3E3F193FE88300F6E038 /* Main_iPhone.storyboard in Resources */ = {isa = PBXBuildFile; fileRef = 52CC3E3D193FE88300F6E038 /* Main_iPhone.storyboard */; };
		52CC3E42193FE88300F6E038 /* Main_iPad.storyboard in Resources */ = {isa = PBXBuildFile; fileRef = 52CC3E40193FE88300F6E038 /* Main_iPad.storyboard */; };
		52CC3E47193FE88300F6E038 /* Images.xcassets in Resources */ = {isa = PBXBuildFile; fileRef = 52CC3E46193FE88300F6E038 /* Images.xcassets */; };
		52CC3E4E193FE88300F6E038 /* XCTest.framework in Frameworks */ = {isa = PBXBuildFile; fileRef = 52CC3E4D193FE88300F6E038 /* XCTest.framework */; };
		52CC3E4F193FE88300F6E038 /* Foundation.framework in Frameworks */ = {isa = PBXBuildFile; fileRef = 52CC3E2B193FE88300F6E038 /* Foundation.framework */; };
		52CC3E50193FE88300F6E038 /* UIKit.framework in Frameworks */ = {isa = PBXBuildFile; fileRef = 52CC3E2F193FE88300F6E038 /* UIKit.framework */; };
		52CC3E58193FE88300F6E038 /* InfoPlist.strings in Resources */ = {isa = PBXBuildFile; fileRef = 52CC3E56193FE88300F6E038 /* InfoPlist.strings */; };
		52CC3E5A193FE88300F6E038 /* MiniNavTests.m in Sources */ = {isa = PBXBuildFile; fileRef = 52CC3E59193FE88300F6E038 /* MiniNavTests.m */; };
		52CC3E66193FE9F800F6E038 /* MiniNavView.m in Sources */ = {isa = PBXBuildFile; fileRef = 52CC3E65193FE9F800F6E038 /* MiniNavView.m */; };
		52CC3E6A193FEA0000F6E038 /* MiniNavViewController.m in Sources */ = {isa = PBXBuildFile; fileRef = 52CC3E69193FEA0000F6E038 /* MiniNavViewController.m */; };
/* End PBXBuildFile section */

/* Begin PBXContainerItemProxy section */
		52CC3E51193FE88300F6E038 /* PBXContainerItemProxy */ = {
			isa = PBXContainerItemProxy;
			containerPortal = 52CC3E20193FE88300F6E038 /* Project object */;
			proxyType = 1;
			remoteGlobalIDString = 52CC3E27193FE88300F6E038;
			remoteInfo = MiniNav;
		};
/* End PBXContainerItemProxy section */

/* Begin PBXFileReference section */
		529195CC194001B7001ABB65 /* fr */ = {isa = PBXFileReference; lastKnownFileType = text.plist.strings; name = fr; path = fr.lproj/InfoPlist.strings; sourceTree = "<group>"; };
		529195CD194001B7001ABB65 /* fr */ = {isa = PBXFileReference; lastKnownFileType = text.plist.strings; name = fr; path = fr.lproj/InfoPlist.strings; sourceTree = "<group>"; };
		52CC3E28193FE88300F6E038 /* MiniNav.app */ = {isa = PBXFileReference; explicitFileType = wrapper.application; includeInIndex = 0; path = MiniNav.app; sourceTree = BUILT_PRODUCTS_DIR; };
		52CC3E2B193FE88300F6E038 /* Foundation.framework */ = {isa = PBXFileReference; lastKnownFileType = wrapper.framework; name = Foundation.framework; path = System/Library/Frameworks/Foundation.framework; sourceTree = SDKROOT; };
		52CC3E2D193FE88300F6E038 /* CoreGraphics.framework */ = {isa = PBXFileReference; lastKnownFileType = wrapper.framework; name = CoreGraphics.framework; path = System/Library/Frameworks/CoreGraphics.framework; sourceTree = SDKROOT; };
		52CC3E2F193FE88300F6E038 /* UIKit.framework */ = {isa = PBXFileReference; lastKnownFileType = wrapper.framework; name = UIKit.framework; path = System/Library/Frameworks/UIKit.framework; sourceTree = SDKROOT; };
		52CC3E33193FE88300F6E038 /* MiniNav-Info.plist */ = {isa = PBXFileReference; lastKnownFileType = text.plist.xml; path = "MiniNav-Info.plist"; sourceTree = "<group>"; };
		52CC3E35193FE88300F6E038 /* en */ = {isa = PBXFileReference; lastKnownFileType = text.plist.strings; name = en; path = en.lproj/InfoPlist.strings; sourceTree = "<group>"; };
		52CC3E37193FE88300F6E038 /* main.m */ = {isa = PBXFileReference; lastKnownFileType = sourcecode.c.objc; path = main.m; sourceTree = "<group>"; };
		52CC3E39193FE88300F6E038 /* MiniNav-Prefix.pch */ = {isa = PBXFileReference; lastKnownFileType = sourcecode.c.h; path = "MiniNav-Prefix.pch"; sourceTree = "<group>"; };
		52CC3E3A193FE88300F6E038 /* AppDelegate.h */ = {isa = PBXFileReference; lastKnownFileType = sourcecode.c.h; path = AppDelegate.h; sourceTree = "<group>"; };
		52CC3E3B193FE88300F6E038 /* AppDelegate.m */ = {isa = PBXFileReference; lastKnownFileType = sourcecode.c.objc; path = AppDelegate.m; sourceTree = "<group>"; };
		52CC3E3E193FE88300F6E038 /* Base */ = {isa = PBXFileReference; lastKnownFileType = file.storyboard; name = Base; path = Base.lproj/Main_iPhone.storyboard; sourceTree = "<group>"; };
		52CC3E41193FE88300F6E038 /* Base */ = {isa = PBXFileReference; lastKnownFileType = file.storyboard; name = Base; path = Base.lproj/Main_iPad.storyboard; sourceTree = "<group>"; };
		52CC3E46193FE88300F6E038 /* Images.xcassets */ = {isa = PBXFileReference; lastKnownFileType = folder.assetcatalog; path = Images.xcassets; sourceTree = "<group>"; };
		52CC3E4C193FE88300F6E038 /* MiniNavTests.xctest */ = {isa = PBXFileReference; explicitFileType = wrapper.cfbundle; includeInIndex = 0; path = MiniNavTests.xctest; sourceTree = BUILT_PRODUCTS_DIR; };
		52CC3E4D193FE88300F6E038 /* XCTest.framework */ = {isa = PBXFileReference; lastKnownFileType = wrapper.framework; name = XCTest.framework; path = Library/Frameworks/XCTest.framework; sourceTree = DEVELOPER_DIR; };
		52CC3E55193FE88300F6E038 /* MiniNavTests-Info.plist */ = {isa = PBXFileReference; lastKnownFileType = text.plist.xml; path = "MiniNavTests-Info.plist"; sourceTree = "<group>"; };
		52CC3E57193FE88300F6E038 /* en */ = {isa = PBXFileReference; lastKnownFileType = text.plist.strings; name = en; path = en.lproj/InfoPlist.strings; sourceTree = "<group>"; };
		52CC3E59193FE88300F6E038 /* MiniNavTests.m */ = {isa = PBXFileReference; lastKnownFileType = sourcecode.c.objc; path = MiniNavTests.m; sourceTree = "<group>"; };
		52CC3E64193FE9F800F6E038 /* MiniNavView.h */ = {isa = PBXFileReference; fileEncoding = 4; lastKnownFileType = sourcecode.c.h; path = MiniNavView.h; sourceTree = "<group>"; };
		52CC3E65193FE9F800F6E038 /* MiniNavView.m */ = {isa = PBXFileReference; fileEncoding = 4; lastKnownFileType = sourcecode.c.objc; path = MiniNavView.m; sourceTree = "<group>"; };
		52CC3E68193FEA0000F6E038 /* MiniNavViewController.h */ = {isa = PBXFileReference; fileEncoding = 4; lastKnownFileType = sourcecode.c.h; path = MiniNavViewController.h; sourceTree = "<group>"; };
		52CC3E69193FEA0000F6E038 /* MiniNavViewController.m */ = {isa = PBXFileReference; fileEncoding = 4; lastKnownFileType = sourcecode.c.objc; path = MiniNavViewController.m; sourceTree = "<group>"; };
/* End PBXFileReference section */

/* Begin PBXFrameworksBuildPhase section */
		52CC3E25193FE88300F6E038 /* Frameworks */ = {
			isa = PBXFrameworksBuildPhase;
			buildActionMask = 2147483647;
			files = (
				52CC3E2E193FE88300F6E038 /* CoreGraphics.framework in Frameworks */,
				52CC3E30193FE88300F6E038 /* UIKit.framework in Frameworks */,
				52CC3E2C193FE88300F6E038 /* Foundation.framework in Frameworks */,
			);
			runOnlyForDeploymentPostprocessing = 0;
		};
		52CC3E49193FE88300F6E038 /* Frameworks */ = {
			isa = PBXFrameworksBuildPhase;
			buildActionMask = 2147483647;
			files = (
				52CC3E4E193FE88300F6E038 /* XCTest.framework in Frameworks */,
				52CC3E50193FE88300F6E038 /* UIKit.framework in Frameworks */,
				52CC3E4F193FE88300F6E038 /* Foundation.framework in Frameworks */,
			);
			runOnlyForDeploymentPostprocessing = 0;
		};
/* End PBXFrameworksBuildPhase section */

/* Begin PBXGroup section */
		52CC3E1F193FE88300F6E038 = {
			isa = PBXGroup;
			children = (
				52CC3E31193FE88300F6E038 /* MiniNav */,
				52CC3E53193FE88300F6E038 /* MiniNavTests */,
				52CC3E2A193FE88300F6E038 /* Frameworks */,
				52CC3E29193FE88300F6E038 /* Products */,
			);
			sourceTree = "<group>";
		};
		52CC3E29193FE88300F6E038 /* Products */ = {
			isa = PBXGroup;
			children = (
				52CC3E28193FE88300F6E038 /* MiniNav.app */,
				52CC3E4C193FE88300F6E038 /* MiniNavTests.xctest */,
			);
			name = Products;
			sourceTree = "<group>";
		};
		52CC3E2A193FE88300F6E038 /* Frameworks */ = {
			isa = PBXGroup;
			children = (
				52CC3E2B193FE88300F6E038 /* Foundation.framework */,
				52CC3E2D193FE88300F6E038 /* CoreGraphics.framework */,
				52CC3E2F193FE88300F6E038 /* UIKit.framework */,
				52CC3E4D193FE88300F6E038 /* XCTest.framework */,
			);
			name = Frameworks;
			sourceTree = "<group>";
		};
		52CC3E31193FE88300F6E038 /* MiniNav */ = {
			isa = PBXGroup;
			children = (
				52CC3E63193FE9F800F6E038 /* Views */,
				52CC3E67193FEA0000F6E038 /* Controllers */,
				52CC3E3A193FE88300F6E038 /* AppDelegate.h */,
				52CC3E3B193FE88300F6E038 /* AppDelegate.m */,
				52CC3E3D193FE88300F6E038 /* Main_iPhone.storyboard */,
				52CC3E40193FE88300F6E038 /* Main_iPad.storyboard */,
				52CC3E46193FE88300F6E038 /* Images.xcassets */,
				52CC3E32193FE88300F6E038 /* Supporting Files */,
			);
			path = MiniNav;
			sourceTree = "<group>";
		};
		52CC3E32193FE88300F6E038 /* Supporting Files */ = {
			isa = PBXGroup;
			children = (
				52CC3E33193FE88300F6E038 /* MiniNav-Info.plist */,
				52CC3E34193FE88300F6E038 /* InfoPlist.strings */,
				52CC3E37193FE88300F6E038 /* main.m */,
				52CC3E39193FE88300F6E038 /* MiniNav-Prefix.pch */,
			);
			name = "Supporting Files";
			sourceTree = "<group>";
		};
		52CC3E53193FE88300F6E038 /* MiniNavTests */ = {
			isa = PBXGroup;
			children = (
				52CC3E59193FE88300F6E038 /* MiniNavTests.m */,
				52CC3E54193FE88300F6E038 /* Supporting Files */,
			);
			path = MiniNavTests;
			sourceTree = "<group>";
		};
		52CC3E54193FE88300F6E038 /* Supporting Files */ = {
			isa = PBXGroup;
			children = (
				52CC3E55193FE88300F6E038 /* MiniNavTests-Info.plist */,
				52CC3E56193FE88300F6E038 /* InfoPlist.strings */,
			);
			name = "Supporting Files";
			sourceTree = "<group>";
		};
		52CC3E63193FE9F800F6E038 /* Views */ = {
			isa = PBXGroup;
			children = (
				52CC3E64193FE9F800F6E038 /* MiniNavView.h */,
				52CC3E65193FE9F800F6E038 /* MiniNavView.m */,
			);
			path = Views;
			sourceTree = "<group>";
		};
		52CC3E67193FEA0000F6E038 /* Controllers */ = {
			isa = PBXGroup;
			children = (
				52CC3E68193FEA0000F6E038 /* MiniNavViewController.h */,
				52CC3E69193FEA0000F6E038 /* MiniNavViewController.m */,
			);
			path = Controllers;
			sourceTree = "<group>";
		};
/* End PBXGroup section */

/* Begin PBXNativeTarget section */
		52CC3E27193FE88300F6E038 /* MiniNav */ = {
			isa = PBXNativeTarget;
			buildConfigurationList = 52CC3E5D193FE88300F6E038 /* Build configuration list for PBXNativeTarget "MiniNav" */;
			buildPhases = (
				52CC3E24193FE88300F6E038 /* Sources */,
				52CC3E25193FE88300F6E038 /* Frameworks */,
				52CC3E26193FE88300F6E038 /* Resources */,
			);
			buildRules = (
			);
			dependencies = (
			);
			name = MiniNav;
			productName = MiniNav;
			productReference = 52CC3E28193FE88300F6E038 /* MiniNav.app */;
			productType = "com.apple.product-type.application";
		};
		52CC3E4B193FE88300F6E038 /* MiniNavTests */ = {
			isa = PBXNativeTarget;
			buildConfigurationList = 52CC3E60193FE88300F6E038 /* Build configuration list for PBXNativeTarget "MiniNavTests" */;
			buildPhases = (
				52CC3E48193FE88300F6E038 /* Sources */,
				52CC3E49193FE88300F6E038 /* Frameworks */,
				52CC3E4A193FE88300F6E038 /* Resources */,
			);
			buildRules = (
			);
			dependencies = (
				52CC3E52193FE88300F6E038 /* PBXTargetDependency */,
			);
			name = MiniNavTests;
			productName = MiniNavTests;
			productReference = 52CC3E4C193FE88300F6E038 /* MiniNavTests.xctest */;
			productType = "com.apple.product-type.bundle.unit-test";
		};
/* End PBXNativeTarget section */

/* Begin PBXProject section */
		52CC3E20193FE88300F6E038 /* Project object */ = {
			isa = PBXProject;
			attributes = {
				LastUpgradeCheck = 0510;
				ORGANIZATIONNAME = Tibimac;
				TargetAttributes = {
					52CC3E4B193FE88300F6E038 = {
						TestTargetID = 52CC3E27193FE88300F6E038;
					};
				};
			};
			buildConfigurationList = 52CC3E23193FE88300F6E038 /* Build configuration list for PBXProject "MiniNav" */;
			compatibilityVersion = "Xcode 3.2";
			developmentRegion = English;
			hasScannedForEncodings = 0;
			knownRegions = (
				en,
				Base,
				fr,
			);
			mainGroup = 52CC3E1F193FE88300F6E038;
			productRefGroup = 52CC3E29193FE88300F6E038 /* Products */;
			projectDirPath = "";
			projectRoot = "";
			targets = (
				52CC3E27193FE88300F6E038 /* MiniNav */,
				52CC3E4B193FE88300F6E038 /* MiniNavTests */,
			);
		};
/* End PBXProject section */

/* Begin PBXResourcesBuildPhase section */
		52CC3E26193FE88300F6E038 /* Resources */ = {
			isa = PBXResourcesBuildPhase;
			buildActionMask = 2147483647;
			files = (
				52CC3E42193FE88300F6E038 /* Main_iPad.storyboard in Resources */,
				52CC3E47193FE88300F6E038 /* Images.xcassets in Resources */,
				52CC3E3F193FE88300F6E038 /* Main_iPhone.storyboard in Resources */,
				52CC3E36193FE88300F6E038 /* InfoPlist.strings in Resources */,
			);
			runOnlyForDeploymentPostprocessing = 0;
		};
		52CC3E4A193FE88300F6E038 /* Resources */ = {
			isa = PBXResourcesBuildPhase;
			buildActionMask = 2147483647;
			files = (
				52CC3E58193FE88300F6E038 /* InfoPlist.strings in Resources */,
			);
			runOnlyForDeploymentPostprocessing = 0;
		};
/* End PBXResourcesBuildPhase section */

/* Begin PBXSourcesBuildPhase section */
		52CC3E24193FE88300F6E038 /* Sources */ = {
			isa = PBXSourcesBuildPhase;
			buildActionMask = 2147483647;
			files = (
				52CC3E66193FE9F800F6E038 /* MiniNavView.m in Sources */,
				52CC3E3C193FE88300F6E038 /* AppDelegate.m in Sources */,
				52CC3E38193FE88300F6E038 /* main.m in Sources */,
				52CC3E6A193FEA0000F6E038 /* MiniNavViewController.m in Sources */,
			);
			runOnlyForDeploymentPostprocessing = 0;
		};
		52CC3E48193FE88300F6E038 /* Sources */ = {
			isa = PBXSourcesBuildPhase;
			buildActionMask = 2147483647;
			files = (
				52CC3E5A193FE88300F6E038 /* MiniNavTests.m in Sources */,
			);
			runOnlyForDeploymentPostprocessing = 0;
		};
/* End PBXSourcesBuildPhase section */

/* Begin PBXTargetDependency section */
		52CC3E52193FE88300F6E038 /* PBXTargetDependency */ = {
			isa = PBXTargetDependency;
			target = 52CC3E27193FE88300F6E038 /* MiniNav */;
			targetProxy = 52CC3E51193FE88300F6E038 /* PBXContainerItemProxy */;
		};
/* End PBXTargetDependency section */

/* Begin PBXVariantGroup section */
		52CC3E34193FE88300F6E038 /* InfoPlist.strings */ = {
			isa = PBXVariantGroup;
			children = (
				52CC3E35193FE88300F6E038 /* en */,
				529195CC194001B7001ABB65 /* fr */,
			);
			name = InfoPlist.strings;
			sourceTree = "<group>";
		};
		52CC3E3D193FE88300F6E038 /* Main_iPhone.storyboard */ = {
			isa = PBXVariantGroup;
			children = (
				52CC3E3E193FE88300F6E038 /* Base */,
			);
			name = Main_iPhone.storyboard;
			sourceTree = "<group>";
		};
		52CC3E40193FE88300F6E038 /* Main_iPad.storyboard */ = {
			isa = PBXVariantGroup;
			children = (
				52CC3E41193FE88300F6E038 /* Base */,
			);
			name = Main_iPad.storyboard;
			sourceTree = "<group>";
		};
		52CC3E56193FE88300F6E038 /* InfoPlist.strings */ = {
			isa = PBXVariantGroup;
			children = (
				52CC3E57193FE88300F6E038 /* en */,
				529195CD194001B7001ABB65 /* fr */,
			);
			name = InfoPlist.strings;
			sourceTree = "<group>";
		};
/* End PBXVariantGroup section */

/* Begin XCBuildConfiguration section */
		52CC3E5B193FE88300F6E038 /* Debug */ = {
			isa = XCBuildConfiguration;
			buildSettings = {
				ALWAYS_SEARCH_USER_PATHS = NO;
				CLANG_CXX_LANGUAGE_STANDARD = "gnu++0x";
				CLANG_CXX_LIBRARY = "libc++";
				CLANG_ENABLE_MODULES = YES;
				CLANG_ENABLE_OBJC_ARC = YES;
				CLANG_WARN_BOOL_CONVERSION = YES;
				CLANG_WARN_CONSTANT_CONVERSION = YES;
				CLANG_WARN_DIRECT_OBJC_ISA_USAGE = YES_ERROR;
				CLANG_WARN_EMPTY_BODY = YES;
				CLANG_WARN_ENUM_CONVERSION = YES;
				CLANG_WARN_INT_CONVERSION = YES;
				CLANG_WARN_OBJC_ROOT_CLASS = YES_ERROR;
				CLANG_WARN__DUPLICATE_METHOD_MATCH = YES;
				"CODE_SIGN_IDENTITY[sdk=iphoneos*]" = "iPhone Developer";
				COPY_PHASE_STRIP = NO;
				GCC_C_LANGUAGE_STANDARD = gnu99;
				GCC_DYNAMIC_NO_PIC = NO;
				GCC_OPTIMIZATION_LEVEL = 0;
				GCC_PREPROCESSOR_DEFINITIONS = (
					"DEBUG=1",
					"$(inherited)",
				);
				GCC_SYMBOLS_PRIVATE_EXTERN = NO;
				GCC_WARN_64_TO_32_BIT_CONVERSION = YES;
				GCC_WARN_ABOUT_RETURN_TYPE = YES_ERROR;
				GCC_WARN_UNDECLARED_SELECTOR = YES;
				GCC_WARN_UNINITIALIZED_AUTOS = YES_AGGRESSIVE;
				GCC_WARN_UNUSED_FUNCTION = YES;
				GCC_WARN_UNUSED_VARIABLE = YES;
				IPHONEOS_DEPLOYMENT_TARGET = 7.1;
				ONLY_ACTIVE_ARCH = YES;
				SDKROOT = iphoneos;
				TARGETED_DEVICE_FAMILY = "1,2";
			};
			name = Debug;
		};
		52CC3E5C193FE88300F6E038 /* Release */ = {
			isa = XCBuildConfiguration;
			buildSettings = {
				ALWAYS_SEARCH_USER_PATHS = NO;
				CLANG_CXX_LANGUAGE_STANDARD = "gnu++0x";
				CLANG_CXX_LIBRARY = "libc++";
				CLANG_ENABLE_MODULES = YES;
				CLANG_ENABLE_OBJC_ARC = YES;
				CLANG_WARN_BOOL_CONVERSION = YES;
				CLANG_WARN_CONSTANT_CONVERSION = YES;
				CLANG_WARN_DIRECT_OBJC_ISA_USAGE = YES_ERROR;
				CLANG_WARN_EMPTY_BODY = YES;
				CLANG_WARN_ENUM_CONVERSION = YES;
				CLANG_WARN_INT_CONVERSION = YES;
				CLANG_WARN_OBJC_ROOT_CLASS = YES_ERROR;
				CLANG_WARN__DUPLICATE_METHOD_MATCH = YES;
				"CODE_SIGN_IDENTITY[sdk=iphoneos*]" = "iPhone Developer";
				COPY_PHASE_STRIP = YES;
				ENABLE_NS_ASSERTIONS = NO;
				GCC_C_LANGUAGE_STANDARD = gnu99;
				GCC_WARN_64_TO_32_BIT_CONVERSION = YES;
				GCC_WARN_ABOUT_RETURN_TYPE = YES_ERROR;
				GCC_WARN_UNDECLARED_SELECTOR = YES;
				GCC_WARN_UNINITIALIZED_AUTOS = YES_AGGRESSIVE;
				GCC_WARN_UNUSED_FUNCTION = YES;
				GCC_WARN_UNUSED_VARIABLE = YES;
				IPHONEOS_DEPLOYMENT_TARGET = 7.1;
				SDKROOT = iphoneos;
				TARGETED_DEVICE_FAMILY = "1,2";
				VALIDATE_PRODUCT = YES;
			};
			name = Release;
		};
		52CC3E5E193FE88300F6E038 /* Debug */ = {
			isa = XCBuildConfiguration;
			buildSettings = {
				ASSETCATALOG_COMPILER_APPICON_NAME = AppIcon;
				ASSETCATALOG_COMPILER_LAUNCHIMAGE_NAME = LaunchImage;
				CLANG_ENABLE_OBJC_ARC = NO;
				GCC_PRECOMPILE_PREFIX_HEADER = YES;
				GCC_PREFIX_HEADER = "MiniNav/MiniNav-Prefix.pch";
				INFOPLIST_FILE = "MiniNav/MiniNav-Info.plist";
				IPHONEOS_DEPLOYMENT_TARGET = 6.0;
				PRODUCT_NAME = "$(TARGET_NAME)";
				WRAPPER_EXTENSION = app;
			};
			name = Debug;
		};
		52CC3E5F193FE88300F6E038 /* Release */ = {
			isa = XCBuildConfiguration;
			buildSettings = {
				ASSETCATALOG_COMPILER_APPICON_NAME = AppIcon;
				ASSETCATALOG_COMPILER_LAUNCHIMAGE_NAME = LaunchImage;
				CLANG_ENABLE_OBJC_ARC = NO;
				GCC_PRECOMPILE_PREFIX_HEADER = YES;
				GCC_PREFIX_HEADER = "MiniNav/MiniNav-Prefix.pch";
				INFOPLIST_FILE = "MiniNav/MiniNav-Info.plist";
				IPHONEOS_DEPLOYMENT_TARGET = 6.0;
				PRODUCT_NAME = "$(TARGET_NAME)";
				WRAPPER_EXTENSION = app;
			};
			name = Release;
		};
		52CC3E61193FE88300F6E038 /* Debug */ = {
			isa = XCBuildConfiguration;
			buildSettings = {
				BUNDLE_LOADER = "$(BUILT_PRODUCTS_DIR)/MiniNav.app/MiniNav";
				FRAMEWORK_SEARCH_PATHS = (
					"$(SDKROOT)/Developer/Library/Frameworks",
					"$(inherited)",
					"$(DEVELOPER_FRAMEWORKS_DIR)",
				);
				GCC_PRECOMPILE_PREFIX_HEADER = YES;
				GCC_PREFIX_HEADER = "MiniNav/MiniNav-Prefix.pch";
				GCC_PREPROCESSOR_DEFINITIONS = (
					"DEBUG=1",
					"$(inherited)",
				);
				INFOPLIST_FILE = "MiniNavTests/MiniNavTests-Info.plist";
				PRODUCT_NAME = "$(TARGET_NAME)";
				TEST_HOST = "$(BUNDLE_LOADER)";
				WRAPPER_EXTENSION = xctest;
			};
			name = Debug;
		};
		52CC3E62193FE88300F6E038 /* Release */ = {
			isa = XCBuildConfiguration;
			buildSettings = {
				BUNDLE_LOADER = "$(BUILT_PRODUCTS_DIR)/MiniNav.app/MiniNav";
				FRAMEWORK_SEARCH_PATHS = (
					"$(SDKROOT)/Developer/Library/Frameworks",
					"$(inherited)",
					"$(DEVELOPER_FRAMEWORKS_DIR)",
				);
				GCC_PRECOMPILE_PREFIX_HEADER = YES;
				GCC_PREFIX_HEADER = "MiniNav/MiniNav-Prefix.pch";
				INFOPLIST_FILE = "MiniNavTests/MiniNavTests-Info.plist";
				PRODUCT_NAME = "$(TARGET_NAME)";
				TEST_HOST = "$(BUNDLE_LOADER)";
				WRAPPER_EXTENSION = xctest;
			};
			name = Release;
		};
/* End XCBuildConfiguration section */

/* Begin XCConfigurationList section */
		52CC3E23193FE88300F6E038 /* Build configuration list for PBXProject "MiniNav" */ = {
			isa = XCConfigurationList;
			buildConfigurations = (
				52CC3E5B193FE88300F6E038 /* Debug */,
				52CC3E5C193FE88300F6E038 /* Release */,
			);
			defaultConfigurationIsVisible = 0;
			defaultConfigurationName = Release;
		};
		52CC3E5D193FE88300F6E038 /* Build configuration list for PBXNativeTarget "MiniNav" */ = {
			isa = XCConfigurationList;
			buildConfigurations = (
				52CC3E5E193FE88300F6E038 /* Debug */,
				52CC3E5F193FE88300F6E038 /* Release */,
			);
			defaultConfigurationIsVisible = 0;
			defaultConfigurationName = Release;
		};
		52CC3E60193FE88300F6E038 /* Build configuration list for PBXNativeTarget "MiniNavTests" */ = {
			isa = XCConfigurationList;
			buildConfigurations = (
				52CC3E61193FE88300F6E038 /* Debug */,
				52CC3E62193FE88300F6E038 /* Release */,
			);
			defaultConfigurationIsVisible = 0;
			defaultConfigurationName = Release;
		};
/* End XCConfigurationList section */
	};
	rootObject = 52CC3E20193FE88300F6E038 /* Project object */;
}
